
Microsoft Visual Studio Solution File, Format Version 12.00
# Visual Studio Version 16
VisualStudioVersion = 16.0.30523.141
MinimumVisualStudioVersion = 10.0.40219.1
Project("{8BC9CEB8-8B4A-11D0-8D11-00A0C91BC942}") = "face-mask-counting", "face-mask-counting\face-mask-counting.vcxproj", "{3A265286-63F3-4EEC-9C23-51088D3D382D}"
EndProject
Global
	GlobalSection(SolutionConfigurationPlatforms) = preSolution
		Debug|x64 = Debug|x64
		Debug|x86 = Debug|x86
		Release|x64 = Release|x64
		Release|x86 = Release|x86
	EndGlobalSection
	GlobalSection(ProjectConfigurationPlatforms) = postSolution
		{3A265286-63F3-4EEC-9C23-51088D3D382D}.Debug|x64.ActiveCfg = Debug|x64
		{3A265286-63F3-4EEC-9C23-51088D3D382D}.Debug|x64.Build.0 = Debug|x64
		{3A265286-63F3-4EEC-9C23-51088D3D382D}.Debug|x86.ActiveCfg = Debug|Win32
		{3A265286-63F3-4EEC-9C23-51088D3D382D}.Debug|x86.Build.0 = Debug|Win32
		{3A265286-63F3-4EEC-9C23-51088D3D382D}.Release|x64.ActiveCfg = Release|x64
		{3A265286-63F3-4EEC-9C23-51088D3D382D}.Release|x64.Build.0 = Release|x64
		{3A265286-63F3-4EEC-9C23-51088D3D382D}.Release|x86.ActiveCfg = Release|Win32
		{3A265286-63F3-4EEC-9C23-51088D3D382D}.Release|x86.Build.0 = Release|Win32
	EndGlobalSection
	GlobalSection(SolutionProperties) = preSolution
		HideSolutionNode = FALSE
	EndGlobalSection
	GlobalSection(ExtensibilityGlobals) = postSolution
		SolutionGuid = {0C99D502-771D-4F56-A18B-19CF1282464D}
	EndGlobalSection
EndGlobal
